
Microsoft Visual Studio Solution File, Format Version 12.00
# Visual Studio Version 17
VisualStudioVersion = 17.2.32630.192
MinimumVisualStudioVersion = 10.0.40219.1
Project("{2150E333-8FDC-42A3-9474-1A3956D46DE8}") = "src", "src", "{32B4FE8C-A146-4BCD-9D20-236E8400D796}"
EndProject
Project("{2150E333-8FDC-42A3-9474-1A3956D46DE8}") = "Application", "Application", "{1ABEAE01-2E75-4B29-8F1B-F8024136EFEA}"
EndProject
Project("{2150E333-8FDC-42A3-9474-1A3956D46DE8}") = "Web", "Web", "{AFB1DFBC-7C5C-4519-B066-FD262E6E2B8B}"
EndProject
Project("{2150E333-8FDC-42A3-9474-1A3956D46DE8}") = "ApiServices", "ApiServices", "{5CF328A6-8F07-43D6-905F-111DCA6E69AE}"
EndProject
Project("{2150E333-8FDC-42A3-9474-1A3956D46DE8}") = "Domain", "Domain", "{C77BCFB9-ECAB-44A0-BB08-BE6B1CCF6D6E}"
EndProject
Project("{2150E333-8FDC-42A3-9474-1A3956D46DE8}") = "KSAA.AuthServer", "KSAA.AuthServer", "{959BEB48-CB89-4AB4-BBD2-6B70B2055C84}"
EndProject
Project("{2150E333-8FDC-42A3-9474-1A3956D46DE8}") = "KSAA.AuthServer", "KSAA.AuthServer", "{BB0F28C3-F41E-474C-970A-7638E21CF84D}"
EndProject
Project("{2150E333-8FDC-42A3-9474-1A3956D46DE8}") = "KSAA.AuthServer", "KSAA.AuthServer", "{F3A91793-4A84-4A77-95EE-3D991A50E2AC}"
EndProject
Project("{2150E333-8FDC-42A3-9474-1A3956D46DE8}") = "Infrastructure", "Infrastructure", "{63C3100C-EE42-4C35-A5B8-BDBE631EC789}"
EndProject
Project("{2150E333-8FDC-42A3-9474-1A3956D46DE8}") = "KSAA.User", "KSAA.User", "{E83607EB-7E5C-4809-82A9-0D91753EA280}"
EndProject
Project("{2150E333-8FDC-42A3-9474-1A3956D46DE8}") = "UserInterface", "UserInterface", "{FF9A1474-7B72-4BC6-BB98-A95B8664599F}"
EndProject
Project("{2150E333-8FDC-42A3-9474-1A3956D46DE8}") = "KSAA.User", "KSAA.User", "{E20043C2-B29A-42E2-B0C9-C4F2BD13FBDC}"
EndProject
Project("{9A19103F-16F7-4668-BE54-9A1E7A4F7556}") = "KSAA.User.Domain", "Domain\KSAA.User\KSAA.User.Domain.csproj", "{EAB33C81-A26C-4FC8-9088-F463C937DA7E}"
EndProject
Project("{2150E333-8FDC-42A3-9474-1A3956D46DE8}") = "KSAA.User", "KSAA.User", "{CB979D87-3288-4EE1-A2DF-6BF0CC10CA59}"
EndProject
Project("{9A19103F-16F7-4668-BE54-9A1E7A4F7556}") = "KSAA.User.Application", "Application\KSAA.User\KSAA.User.Application.csproj", "{F9978536-F01B-4B81-A148-2D860EBD4311}"
EndProject
Project("{9A19103F-16F7-4668-BE54-9A1E7A4F7556}") = "KSAA.User.Infrastructure.Persistence", "Infrastructure\KSAA.User\Infrastructure.Persistence\KSAA.User.Infrastructure.Persistence.csproj", "{59A2698D-0E55-4DE1-A090-640798FEAF1C}"
EndProject
Project("{9A19103F-16F7-4668-BE54-9A1E7A4F7556}") = "KSAA.User.Infrastructure.Shared", "Infrastructure\KSAA.User\Infrastructure.Shared\KSAA.User.Infrastructure.Shared.csproj", "{D84F0DB1-4732-4239-8237-720D90A5AB23}"
EndProject
Project("{2150E333-8FDC-42A3-9474-1A3956D46DE8}") = "KSAA.User", "KSAA.User", "{95C3594C-0D92-4721-9DCB-713D878307A5}"
EndProject
Project("{9A19103F-16F7-4668-BE54-9A1E7A4F7556}") = "KSAA.User.ApiServices", "ApiServices\KSAA.User\KSAA.User.ApiServices.csproj", "{596E5D66-0C45-4712-A9EB-71B07A7E4FFC}"
EndProject
Project("{9A19103F-16F7-4668-BE54-9A1E7A4F7556}") = "KSAA.UserInterface.Web", "Web\UserInterface\KSAA.UserInterface.Web.csproj", "{DB678AC8-CAA3-466D-B472-738EA34855BF}"
EndProject
Project("{9A19103F-16F7-4668-BE54-9A1E7A4F7556}") = "KSAA.AuthServer.Domain", "Domain\KSAA.AuthServer\KSAA.AuthServer.Domain\KSAA.AuthServer.Domain.csproj", "{47FF5226-DC08-43DB-8A60-7B51814CB29A}"
EndProject
Project("{9A19103F-16F7-4668-BE54-9A1E7A4F7556}") = "KSAA.AuthServer.Application", "Application\KSAA.AuthServer\KSAA.AuthServer.Application\KSAA.AuthServer.Application.csproj", "{7235BAB1-F651-4521-B08F-0F0D9CE0A050}"
EndProject
Project("{2150E333-8FDC-42A3-9474-1A3956D46DE8}") = "test", "test", "{54C79EA3-6F32-4FCF-A9C9-859B9D5C7FA8}"
EndProject
Project("{9A19103F-16F7-4668-BE54-9A1E7A4F7556}") = "KSAA.AuthServer.ApiServices", "ApiServices\KSAA.AuthServer\KSAA.AuthServer.ApiServices.csproj", "{D7091CF8-AC75-48EB-B0AC-11A735801320}"
EndProject
Global
	GlobalSection(SolutionConfigurationPlatforms) = preSolution
		Debug|Any CPU = Debug|Any CPU
		Release|Any CPU = Release|Any CPU
	EndGlobalSection
	GlobalSection(ProjectConfigurationPlatforms) = postSolution
		{EAB33C81-A26C-4FC8-9088-F463C937DA7E}.Debug|Any CPU.ActiveCfg = Debug|Any CPU
		{EAB33C81-A26C-4FC8-9088-F463C937DA7E}.Debug|Any CPU.Build.0 = Debug|Any CPU
		{EAB33C81-A26C-4FC8-9088-F463C937DA7E}.Release|Any CPU.ActiveCfg = Release|Any CPU
		{EAB33C81-A26C-4FC8-9088-F463C937DA7E}.Release|Any CPU.Build.0 = Release|Any CPU
		{F9978536-F01B-4B81-A148-2D860EBD4311}.Debug|Any CPU.ActiveCfg = Debug|Any CPU
		{F9978536-F01B-4B81-A148-2D860EBD4311}.Debug|Any CPU.Build.0 = Debug|Any CPU
		{F9978536-F01B-4B81-A148-2D860EBD4311}.Release|Any CPU.ActiveCfg = Release|Any CPU
		{F9978536-F01B-4B81-A148-2D860EBD4311}.Release|Any CPU.Build.0 = Release|Any CPU
		{59A2698D-0E55-4DE1-A090-640798FEAF1C}.Debug|Any CPU.ActiveCfg = Debug|Any CPU
		{59A2698D-0E55-4DE1-A090-640798FEAF1C}.Debug|Any CPU.Build.0 = Debug|Any CPU
		{59A2698D-0E55-4DE1-A090-640798FEAF1C}.Release|Any CPU.ActiveCfg = Release|Any CPU
		{59A2698D-0E55-4DE1-A090-640798FEAF1C}.Release|Any CPU.Build.0 = Release|Any CPU
		{D84F0DB1-4732-4239-8237-720D90A5AB23}.Debug|Any CPU.ActiveCfg = Debug|Any CPU
		{D84F0DB1-4732-4239-8237-720D90A5AB23}.Debug|Any CPU.Build.0 = Debug|Any CPU
		{D84F0DB1-4732-4239-8237-720D90A5AB23}.Release|Any CPU.ActiveCfg = Release|Any CPU
		{D84F0DB1-4732-4239-8237-720D90A5AB23}.Release|Any CPU.Build.0 = Release|Any CPU
		{596E5D66-0C45-4712-A9EB-71B07A7E4FFC}.Debug|Any CPU.ActiveCfg = Debug|Any CPU
		{596E5D66-0C45-4712-A9EB-71B07A7E4FFC}.Debug|Any CPU.Build.0 = Debug|Any CPU
		{596E5D66-0C45-4712-A9EB-71B07A7E4FFC}.Release|Any CPU.ActiveCfg = Release|Any CPU
		{596E5D66-0C45-4712-A9EB-71B07A7E4FFC}.Release|Any CPU.Build.0 = Release|Any CPU
		{DB678AC8-CAA3-466D-B472-738EA34855BF}.Debug|Any CPU.ActiveCfg = Debug|Any CPU
		{DB678AC8-CAA3-466D-B472-738EA34855BF}.Debug|Any CPU.Build.0 = Debug|Any CPU
		{DB678AC8-CAA3-466D-B472-738EA34855BF}.Release|Any CPU.ActiveCfg = Release|Any CPU
		{DB678AC8-CAA3-466D-B472-738EA34855BF}.Release|Any CPU.Build.0 = Release|Any CPU
		{47FF5226-DC08-43DB-8A60-7B51814CB29A}.Debug|Any CPU.ActiveCfg = Debug|Any CPU
		{47FF5226-DC08-43DB-8A60-7B51814CB29A}.Debug|Any CPU.Build.0 = Debug|Any CPU
		{47FF5226-DC08-43DB-8A60-7B51814CB29A}.Release|Any CPU.ActiveCfg = Release|Any CPU
		{47FF5226-DC08-43DB-8A60-7B51814CB29A}.Release|Any CPU.Build.0 = Release|Any CPU
		{7235BAB1-F651-4521-B08F-0F0D9CE0A050}.Debug|Any CPU.ActiveCfg = Debug|Any CPU
		{7235BAB1-F651-4521-B08F-0F0D9CE0A050}.Debug|Any CPU.Build.0 = Debug|Any CPU
		{7235BAB1-F651-4521-B08F-0F0D9CE0A050}.Release|Any CPU.ActiveCfg = Release|Any CPU
		{7235BAB1-F651-4521-B08F-0F0D9CE0A050}.Release|Any CPU.Build.0 = Release|Any CPU
		{D7091CF8-AC75-48EB-B0AC-11A735801320}.Debug|Any CPU.ActiveCfg = Debug|Any CPU
		{D7091CF8-AC75-48EB-B0AC-11A735801320}.Debug|Any CPU.Build.0 = Debug|Any CPU
		{D7091CF8-AC75-48EB-B0AC-11A735801320}.Release|Any CPU.ActiveCfg = Release|Any CPU
		{D7091CF8-AC75-48EB-B0AC-11A735801320}.Release|Any CPU.Build.0 = Release|Any CPU
	EndGlobalSection
	GlobalSection(SolutionProperties) = preSolution
		HideSolutionNode = FALSE
	EndGlobalSection
	GlobalSection(NestedProjects) = preSolution
		{1ABEAE01-2E75-4B29-8F1B-F8024136EFEA} = {32B4FE8C-A146-4BCD-9D20-236E8400D796}
		{AFB1DFBC-7C5C-4519-B066-FD262E6E2B8B} = {32B4FE8C-A146-4BCD-9D20-236E8400D796}
		{5CF328A6-8F07-43D6-905F-111DCA6E69AE} = {32B4FE8C-A146-4BCD-9D20-236E8400D796}
		{C77BCFB9-ECAB-44A0-BB08-BE6B1CCF6D6E} = {32B4FE8C-A146-4BCD-9D20-236E8400D796}
		{959BEB48-CB89-4AB4-BBD2-6B70B2055C84} = {5CF328A6-8F07-43D6-905F-111DCA6E69AE}
		{BB0F28C3-F41E-474C-970A-7638E21CF84D} = {1ABEAE01-2E75-4B29-8F1B-F8024136EFEA}
		{F3A91793-4A84-4A77-95EE-3D991A50E2AC} = {C77BCFB9-ECAB-44A0-BB08-BE6B1CCF6D6E}
		{63C3100C-EE42-4C35-A5B8-BDBE631EC789} = {32B4FE8C-A146-4BCD-9D20-236E8400D796}
		{E83607EB-7E5C-4809-82A9-0D91753EA280} = {63C3100C-EE42-4C35-A5B8-BDBE631EC789}
		{FF9A1474-7B72-4BC6-BB98-A95B8664599F} = {AFB1DFBC-7C5C-4519-B066-FD262E6E2B8B}
		{E20043C2-B29A-42E2-B0C9-C4F2BD13FBDC} = {C77BCFB9-ECAB-44A0-BB08-BE6B1CCF6D6E}
		{EAB33C81-A26C-4FC8-9088-F463C937DA7E} = {E20043C2-B29A-42E2-B0C9-C4F2BD13FBDC}
		{CB979D87-3288-4EE1-A2DF-6BF0CC10CA59} = {1ABEAE01-2E75-4B29-8F1B-F8024136EFEA}
		{F9978536-F01B-4B81-A148-2D860EBD4311} = {CB979D87-3288-4EE1-A2DF-6BF0CC10CA59}
		{59A2698D-0E55-4DE1-A090-640798FEAF1C} = {E83607EB-7E5C-4809-82A9-0D91753EA280}
		{D84F0DB1-4732-4239-8237-720D90A5AB23} = {E83607EB-7E5C-4809-82A9-0D91753EA280}
		{95C3594C-0D92-4721-9DCB-713D878307A5} = {5CF328A6-8F07-43D6-905F-111DCA6E69AE}
		{596E5D66-0C45-4712-A9EB-71B07A7E4FFC} = {95C3594C-0D92-4721-9DCB-713D878307A5}
		{DB678AC8-CAA3-466D-B472-738EA34855BF} = {FF9A1474-7B72-4BC6-BB98-A95B8664599F}
		{47FF5226-DC08-43DB-8A60-7B51814CB29A} = {F3A91793-4A84-4A77-95EE-3D991A50E2AC}
		{7235BAB1-F651-4521-B08F-0F0D9CE0A050} = {BB0F28C3-F41E-474C-970A-7638E21CF84D}
		{D7091CF8-AC75-48EB-B0AC-11A735801320} = {959BEB48-CB89-4AB4-BBD2-6B70B2055C84}
	EndGlobalSection
	GlobalSection(ExtensibilityGlobals) = postSolution
		SolutionGuid = {6F3AF6D5-8693-4973-AFA1-F37370C87B94}
	EndGlobalSection
EndGlobal
