
Microsoft Visual Studio Solution File, Format Version 12.00
# Visual Studio Version 17
VisualStudioVersion = 17.2.32630.192
MinimumVisualStudioVersion = 10.0.40219.1
Project("{2150E333-8FDC-42A3-9474-1A3956D46DE8}") = "src", "src", "{32B4FE8C-A146-4BCD-9D20-236E8400D796}"
EndProject
Project("{2150E333-8FDC-42A3-9474-1A3956D46DE8}") = "Application", "Application", "{1ABEAE01-2E75-4B29-8F1B-F8024136EFEA}"
EndProject
Project("{2150E333-8FDC-42A3-9474-1A3956D46DE8}") = "Web", "Web", "{AFB1DFBC-7C5C-4519-B066-FD262E6E2B8B}"
EndProject
Project("{2150E333-8FDC-42A3-9474-1A3956D46DE8}") = "ApiServices", "ApiServices", "{5CF328A6-8F07-43D6-905F-111DCA6E69AE}"
EndProject
Project("{2150E333-8FDC-42A3-9474-1A3956D46DE8}") = "Domain", "Domain", "{C77BCFB9-ECAB-44A0-BB08-BE6B1CCF6D6E}"
EndProject
Project("{2150E333-8FDC-42A3-9474-1A3956D46DE8}") = "Infrastructure", "Infrastructure", "{63C3100C-EE42-4C35-A5B8-BDBE631EC789}"
EndProject
Project("{2150E333-8FDC-42A3-9474-1A3956D46DE8}") = "KSAA.User", "KSAA.User", "{E83607EB-7E5C-4809-82A9-0D91753EA280}"
EndProject
Project("{2150E333-8FDC-42A3-9474-1A3956D46DE8}") = "UserInterface", "UserInterface", "{FF9A1474-7B72-4BC6-BB98-A95B8664599F}"
EndProject
Project("{2150E333-8FDC-42A3-9474-1A3956D46DE8}") = "KSAA.User", "KSAA.User", "{CB979D87-3288-4EE1-A2DF-6BF0CC10CA59}"
EndProject
Project("{9A19103F-16F7-4668-BE54-9A1E7A4F7556}") = "KSAA.User.Application", "Application\KSAA.User\KSAA.User.Application.csproj", "{F9978536-F01B-4B81-A148-2D860EBD4311}"
EndProject
Project("{9A19103F-16F7-4668-BE54-9A1E7A4F7556}") = "KSAA.User.Infrastructure.Persistence", "Infrastructure\KSAA.User\Infrastructure.Persistence\KSAA.User.Infrastructure.Persistence.csproj", "{59A2698D-0E55-4DE1-A090-640798FEAF1C}"
EndProject
Project("{9A19103F-16F7-4668-BE54-9A1E7A4F7556}") = "KSAA.User.Infrastructure.Shared", "Infrastructure\KSAA.User\Infrastructure.Shared\KSAA.User.Infrastructure.Shared.csproj", "{D84F0DB1-4732-4239-8237-720D90A5AB23}"
EndProject
Project("{2150E333-8FDC-42A3-9474-1A3956D46DE8}") = "KSAA.User", "KSAA.User", "{95C3594C-0D92-4721-9DCB-713D878307A5}"
EndProject
Project("{9A19103F-16F7-4668-BE54-9A1E7A4F7556}") = "KSAA.User.ApiServices", "ApiServices\KSAA.User\KSAA.User.ApiServices.csproj", "{596E5D66-0C45-4712-A9EB-71B07A7E4FFC}"
EndProject
Project("{9A19103F-16F7-4668-BE54-9A1E7A4F7556}") = "KSAA.UserInterface.Web", "Web\UserInterface\KSAA.UserInterface.Web.csproj", "{DB678AC8-CAA3-466D-B472-738EA34855BF}"
EndProject
Project("{2150E333-8FDC-42A3-9474-1A3956D46DE8}") = "test", "test", "{54C79EA3-6F32-4FCF-A9C9-859B9D5C7FA8}"
EndProject
Project("{2150E333-8FDC-42A3-9474-1A3956D46DE8}") = "Shared", "Shared", "{C6E4DBEC-CA1C-4C9B-B963-8B67FEC506BB}"
EndProject
Project("{9A19103F-16F7-4668-BE54-9A1E7A4F7556}") = "KSAA.Domain", "Shared\KSAA.Domain\KSAA.Domain.csproj", "{4DA5FD3D-C6E3-412D-80B1-D79499972ECE}"
EndProject
Project("{9A19103F-16F7-4668-BE54-9A1E7A4F7556}") = "KSAA.DAL", "Shared\KSAA.DAL\KSAA.DAL.csproj", "{C0A38611-B3FA-41B7-8974-E95DCA13B1F1}"
EndProject
Project("{2150E333-8FDC-42A3-9474-1A3956D46DE8}") = "AuthServer", "AuthServer", "{472FF1A5-6AF5-401D-9B30-7A06335D4D6F}"
EndProject
Project("{9A19103F-16F7-4668-BE54-9A1E7A4F7556}") = "KSAA.AuthServer", "AuthServer\KSAA.AuthServer.csproj", "{2ACF7BB6-B7B1-40E1-BADE-59CDA69DB606}"
EndProject
Project("{2150E333-8FDC-42A3-9474-1A3956D46DE8}") = "KSAA.Master", "KSAA.Master", "{D14510BC-08E1-4FCC-925F-2FF74EE674D5}"
EndProject
Project("{FAE04EC0-301F-11D3-BF4B-00C04F79EFBC}") = "KSAA.Master.Infrastructure.Persistence", "Infrastructure\KSAA.Master\KSAA.Master.Infrastructure.Persistence\KSAA.Master.Infrastructure.Persistence.csproj", "{D62028E9-E816-41A3-A254-BC64B75F8ADD}"
EndProject
Project("{FAE04EC0-301F-11D3-BF4B-00C04F79EFBC}") = "KSAA.Master.Infrastructure.Shared", "Infrastructure\KSAA.Master\KSAA.Master.Infrastructure.Shared\KSAA.Master.Infrastructure.Shared.csproj", "{9947EE16-E86E-46EE-B601-176547D42130}"
EndProject
Project("{2150E333-8FDC-42A3-9474-1A3956D46DE8}") = "KSAA.Master", "KSAA.Master", "{F32E4CAC-6D45-48D2-AFA0-1211F2B99CC1}"
EndProject
Project("{FAE04EC0-301F-11D3-BF4B-00C04F79EFBC}") = "KSAA.Master.Application", "Application\KSAA.Master\KSAA.Master.Application\KSAA.Master.Application.csproj", "{05114DEA-7388-493A-93BD-1C25764CACFC}"
EndProject
Project("{2150E333-8FDC-42A3-9474-1A3956D46DE8}") = "KSAA.Master", "KSAA.Master", "{C328EB65-9A5C-4756-A9D4-BBC15E90248A}"
EndProject
Project("{FAE04EC0-301F-11D3-BF4B-00C04F79EFBC}") = "KSAA.Master.ApiServices", "ApiServices\KSAA.Master\KSAA.Master.ApiServices\KSAA.Master.ApiServices.csproj", "{1F681F52-54CB-40A4-856B-CF62CE6DB116}"
EndProject
Global
	GlobalSection(SolutionConfigurationPlatforms) = preSolution
		Debug|Any CPU = Debug|Any CPU
		Release|Any CPU = Release|Any CPU
	EndGlobalSection
	GlobalSection(ProjectConfigurationPlatforms) = postSolution
		{F9978536-F01B-4B81-A148-2D860EBD4311}.Debug|Any CPU.ActiveCfg = Debug|Any CPU
		{F9978536-F01B-4B81-A148-2D860EBD4311}.Debug|Any CPU.Build.0 = Debug|Any CPU
		{F9978536-F01B-4B81-A148-2D860EBD4311}.Release|Any CPU.ActiveCfg = Release|Any CPU
		{F9978536-F01B-4B81-A148-2D860EBD4311}.Release|Any CPU.Build.0 = Release|Any CPU
		{59A2698D-0E55-4DE1-A090-640798FEAF1C}.Debug|Any CPU.ActiveCfg = Debug|Any CPU
		{59A2698D-0E55-4DE1-A090-640798FEAF1C}.Debug|Any CPU.Build.0 = Debug|Any CPU
		{59A2698D-0E55-4DE1-A090-640798FEAF1C}.Release|Any CPU.ActiveCfg = Release|Any CPU
		{59A2698D-0E55-4DE1-A090-640798FEAF1C}.Release|Any CPU.Build.0 = Release|Any CPU
		{D84F0DB1-4732-4239-8237-720D90A5AB23}.Debug|Any CPU.ActiveCfg = Debug|Any CPU
		{D84F0DB1-4732-4239-8237-720D90A5AB23}.Debug|Any CPU.Build.0 = Debug|Any CPU
		{D84F0DB1-4732-4239-8237-720D90A5AB23}.Release|Any CPU.ActiveCfg = Release|Any CPU
		{D84F0DB1-4732-4239-8237-720D90A5AB23}.Release|Any CPU.Build.0 = Release|Any CPU
		{596E5D66-0C45-4712-A9EB-71B07A7E4FFC}.Debug|Any CPU.ActiveCfg = Debug|Any CPU
		{596E5D66-0C45-4712-A9EB-71B07A7E4FFC}.Debug|Any CPU.Build.0 = Debug|Any CPU
		{596E5D66-0C45-4712-A9EB-71B07A7E4FFC}.Release|Any CPU.ActiveCfg = Release|Any CPU
		{596E5D66-0C45-4712-A9EB-71B07A7E4FFC}.Release|Any CPU.Build.0 = Release|Any CPU
		{DB678AC8-CAA3-466D-B472-738EA34855BF}.Debug|Any CPU.ActiveCfg = Debug|Any CPU
		{DB678AC8-CAA3-466D-B472-738EA34855BF}.Debug|Any CPU.Build.0 = Debug|Any CPU
		{DB678AC8-CAA3-466D-B472-738EA34855BF}.Release|Any CPU.ActiveCfg = Release|Any CPU
		{DB678AC8-CAA3-466D-B472-738EA34855BF}.Release|Any CPU.Build.0 = Release|Any CPU
		{4DA5FD3D-C6E3-412D-80B1-D79499972ECE}.Debug|Any CPU.ActiveCfg = Debug|Any CPU
		{4DA5FD3D-C6E3-412D-80B1-D79499972ECE}.Debug|Any CPU.Build.0 = Debug|Any CPU
		{4DA5FD3D-C6E3-412D-80B1-D79499972ECE}.Release|Any CPU.ActiveCfg = Release|Any CPU
		{4DA5FD3D-C6E3-412D-80B1-D79499972ECE}.Release|Any CPU.Build.0 = Release|Any CPU
		{C0A38611-B3FA-41B7-8974-E95DCA13B1F1}.Debug|Any CPU.ActiveCfg = Debug|Any CPU
		{C0A38611-B3FA-41B7-8974-E95DCA13B1F1}.Debug|Any CPU.Build.0 = Debug|Any CPU
		{C0A38611-B3FA-41B7-8974-E95DCA13B1F1}.Release|Any CPU.ActiveCfg = Release|Any CPU
		{C0A38611-B3FA-41B7-8974-E95DCA13B1F1}.Release|Any CPU.Build.0 = Release|Any CPU
		{2ACF7BB6-B7B1-40E1-BADE-59CDA69DB606}.Debug|Any CPU.ActiveCfg = Debug|Any CPU
		{2ACF7BB6-B7B1-40E1-BADE-59CDA69DB606}.Debug|Any CPU.Build.0 = Debug|Any CPU
		{2ACF7BB6-B7B1-40E1-BADE-59CDA69DB606}.Release|Any CPU.ActiveCfg = Release|Any CPU
		{2ACF7BB6-B7B1-40E1-BADE-59CDA69DB606}.Release|Any CPU.Build.0 = Release|Any CPU
		{D62028E9-E816-41A3-A254-BC64B75F8ADD}.Debug|Any CPU.ActiveCfg = Debug|Any CPU
		{D62028E9-E816-41A3-A254-BC64B75F8ADD}.Debug|Any CPU.Build.0 = Debug|Any CPU
		{D62028E9-E816-41A3-A254-BC64B75F8ADD}.Release|Any CPU.ActiveCfg = Release|Any CPU
		{D62028E9-E816-41A3-A254-BC64B75F8ADD}.Release|Any CPU.Build.0 = Release|Any CPU
		{9947EE16-E86E-46EE-B601-176547D42130}.Debug|Any CPU.ActiveCfg = Debug|Any CPU
		{9947EE16-E86E-46EE-B601-176547D42130}.Debug|Any CPU.Build.0 = Debug|Any CPU
		{9947EE16-E86E-46EE-B601-176547D42130}.Release|Any CPU.ActiveCfg = Release|Any CPU
		{9947EE16-E86E-46EE-B601-176547D42130}.Release|Any CPU.Build.0 = Release|Any CPU
		{05114DEA-7388-493A-93BD-1C25764CACFC}.Debug|Any CPU.ActiveCfg = Debug|Any CPU
		{05114DEA-7388-493A-93BD-1C25764CACFC}.Debug|Any CPU.Build.0 = Debug|Any CPU
		{05114DEA-7388-493A-93BD-1C25764CACFC}.Release|Any CPU.ActiveCfg = Release|Any CPU
		{05114DEA-7388-493A-93BD-1C25764CACFC}.Release|Any CPU.Build.0 = Release|Any CPU
		{1F681F52-54CB-40A4-856B-CF62CE6DB116}.Debug|Any CPU.ActiveCfg = Debug|Any CPU
		{1F681F52-54CB-40A4-856B-CF62CE6DB116}.Debug|Any CPU.Build.0 = Debug|Any CPU
		{1F681F52-54CB-40A4-856B-CF62CE6DB116}.Release|Any CPU.ActiveCfg = Release|Any CPU
		{1F681F52-54CB-40A4-856B-CF62CE6DB116}.Release|Any CPU.Build.0 = Release|Any CPU
	EndGlobalSection
	GlobalSection(SolutionProperties) = preSolution
		HideSolutionNode = FALSE
	EndGlobalSection
	GlobalSection(NestedProjects) = preSolution
		{1ABEAE01-2E75-4B29-8F1B-F8024136EFEA} = {32B4FE8C-A146-4BCD-9D20-236E8400D796}
		{AFB1DFBC-7C5C-4519-B066-FD262E6E2B8B} = {32B4FE8C-A146-4BCD-9D20-236E8400D796}
		{5CF328A6-8F07-43D6-905F-111DCA6E69AE} = {32B4FE8C-A146-4BCD-9D20-236E8400D796}
		{C77BCFB9-ECAB-44A0-BB08-BE6B1CCF6D6E} = {32B4FE8C-A146-4BCD-9D20-236E8400D796}
		{63C3100C-EE42-4C35-A5B8-BDBE631EC789} = {32B4FE8C-A146-4BCD-9D20-236E8400D796}
		{E83607EB-7E5C-4809-82A9-0D91753EA280} = {63C3100C-EE42-4C35-A5B8-BDBE631EC789}
		{FF9A1474-7B72-4BC6-BB98-A95B8664599F} = {AFB1DFBC-7C5C-4519-B066-FD262E6E2B8B}
		{CB979D87-3288-4EE1-A2DF-6BF0CC10CA59} = {1ABEAE01-2E75-4B29-8F1B-F8024136EFEA}
		{F9978536-F01B-4B81-A148-2D860EBD4311} = {CB979D87-3288-4EE1-A2DF-6BF0CC10CA59}
		{59A2698D-0E55-4DE1-A090-640798FEAF1C} = {E83607EB-7E5C-4809-82A9-0D91753EA280}
		{D84F0DB1-4732-4239-8237-720D90A5AB23} = {E83607EB-7E5C-4809-82A9-0D91753EA280}
		{95C3594C-0D92-4721-9DCB-713D878307A5} = {5CF328A6-8F07-43D6-905F-111DCA6E69AE}
		{596E5D66-0C45-4712-A9EB-71B07A7E4FFC} = {95C3594C-0D92-4721-9DCB-713D878307A5}
		{DB678AC8-CAA3-466D-B472-738EA34855BF} = {FF9A1474-7B72-4BC6-BB98-A95B8664599F}
		{C6E4DBEC-CA1C-4C9B-B963-8B67FEC506BB} = {32B4FE8C-A146-4BCD-9D20-236E8400D796}
		{4DA5FD3D-C6E3-412D-80B1-D79499972ECE} = {C6E4DBEC-CA1C-4C9B-B963-8B67FEC506BB}
		{C0A38611-B3FA-41B7-8974-E95DCA13B1F1} = {C6E4DBEC-CA1C-4C9B-B963-8B67FEC506BB}
		{472FF1A5-6AF5-401D-9B30-7A06335D4D6F} = {32B4FE8C-A146-4BCD-9D20-236E8400D796}
		{2ACF7BB6-B7B1-40E1-BADE-59CDA69DB606} = {472FF1A5-6AF5-401D-9B30-7A06335D4D6F}
		{D14510BC-08E1-4FCC-925F-2FF74EE674D5} = {63C3100C-EE42-4C35-A5B8-BDBE631EC789}
		{D62028E9-E816-41A3-A254-BC64B75F8ADD} = {D14510BC-08E1-4FCC-925F-2FF74EE674D5}
		{9947EE16-E86E-46EE-B601-176547D42130} = {D14510BC-08E1-4FCC-925F-2FF74EE674D5}
		{F32E4CAC-6D45-48D2-AFA0-1211F2B99CC1} = {1ABEAE01-2E75-4B29-8F1B-F8024136EFEA}
		{05114DEA-7388-493A-93BD-1C25764CACFC} = {F32E4CAC-6D45-48D2-AFA0-1211F2B99CC1}
		{C328EB65-9A5C-4756-A9D4-BBC15E90248A} = {5CF328A6-8F07-43D6-905F-111DCA6E69AE}
		{1F681F52-54CB-40A4-856B-CF62CE6DB116} = {C328EB65-9A5C-4756-A9D4-BBC15E90248A}
	EndGlobalSection
	GlobalSection(ExtensibilityGlobals) = postSolution
		SolutionGuid = {6F3AF6D5-8693-4973-AFA1-F37370C87B94}
	EndGlobalSection
EndGlobal
